
Microsoft Visual Studio Solution File, Format Version 12.00
# Visual Studio 15
VisualStudioVersion = 15.0.28307.1684
MinimumVisualStudioVersion = 10.0.40219.1
Project("{FAE04EC0-301F-11D3-BF4B-00C04F79EFBC}") = "KryptonTest", "KryptonTest\KryptonTest.csproj", "{8373A0FA-4698-4677-8B0A-865D5F75BC1B}"
EndProject
Global
	GlobalSection(SolutionConfigurationPlatforms) = preSolution
		Debug|Any CPU = Debug|Any CPU
		Release|Any CPU = Release|Any CPU
	EndGlobalSection
	GlobalSection(ProjectConfigurationPlatforms) = postSolution
		{8373A0FA-4698-4677-8B0A-865D5F75BC1B}.Debug|Any CPU.ActiveCfg = Debug|Any CPU
		{8373A0FA-4698-4677-8B0A-865D5F75BC1B}.Debug|Any CPU.Build.0 = Debug|Any CPU
		{8373A0FA-4698-4677-8B0A-865D5F75BC1B}.Release|Any CPU.ActiveCfg = Release|Any CPU
		{8373A0FA-4698-4677-8B0A-865D5F75BC1B}.Release|Any CPU.Build.0 = Release|Any CPU
	EndGlobalSection
	GlobalSection(SolutionProperties) = preSolution
		HideSolutionNode = FALSE
	EndGlobalSection
	GlobalSection(ExtensibilityGlobals) = postSolution
		SolutionGuid = {216A506F-074C-4C33-B7C9-6ED577539EDF}
	EndGlobalSection
EndGlobal
